{
  "nodes": {
    "fenix": {
      "inputs": {
        "nixpkgs": [
          "nixpkgs"
        ],
        "rust-analyzer-src": "rust-analyzer-src"
      },
      "locked": {
        "lastModified": 1758177713,
        "narHash": "sha256-4Mesi0sOxCzrwnFHeAhL/vv1K1Wcwsl4D9duQ7ndYS8=",
        "owner": "nix-community",
        "repo": "fenix",
        "rev": "60316bdc00603b483992560baa14841e42e58a7b",
        "type": "github"
      },
      "original": {
        "owner": "nix-community",
        "repo": "fenix",
        "type": "github"
      }
    },
    "flake-compat": {
      "flake": false,
      "locked": {
        "lastModified": 1747046372,
        "narHash": "sha256-CIVLLkVgvHYbgI2UpXvIIBJ12HWgX+fjA8Xf8PUmqCY=",
        "owner": "edolstra",
        "repo": "flake-compat",
        "rev": "9100a0f413b0c601e0533d1d94ffd501ce2e7885",
        "type": "github"
      },
      "original": {
        "owner": "edolstra",
        "repo": "flake-compat",
        "type": "github"
      }
    },
    "home-manager": {
      "inputs": {
        "nixpkgs": [
          "nixpkgs"
        ]
      },
      "locked": {
        "lastModified": 1758207369,
        "narHash": "sha256-BG7GlXo5moXtrFSCqnkIb1Q00szOZXTj5Dx7NmWgves=",
        "owner": "nix-community",
        "repo": "home-manager",
        "rev": "b5698ed57db7ee7da5e93df2e6bbada91c88f3ce",
        "type": "github"
      },
      "original": {
        "owner": "nix-community",
        "repo": "home-manager",
        "type": "github"
      }
    },
    "nixlib": {
      "locked": {
        "lastModified": 1736643958,
        "narHash": "sha256-tmpqTSWVRJVhpvfSN9KXBvKEXplrwKnSZNAoNPf/S/s=",
        "owner": "nix-community",
        "repo": "nixpkgs.lib",
        "rev": "1418bc28a52126761c02dd3d89b2d8ca0f521181",
        "type": "github"
      },
      "original": {
        "owner": "nix-community",
        "repo": "nixpkgs.lib",
        "type": "github"
      }
    },
    "nixos-generators": {
      "inputs": {
        "nixlib": "nixlib",
        "nixpkgs": "nixpkgs"
      },
      "locked": {
        "lastModified": 1751903740,
        "narHash": "sha256-PeSkNMvkpEvts+9DjFiop1iT2JuBpyknmBUs0Un0a4I=",
        "owner": "nix-community",
        "repo": "nixos-generators",
        "rev": "032decf9db65efed428afd2fa39d80f7089085eb",
        "type": "github"
      },
      "original": {
        "owner": "nix-community",
        "repo": "nixos-generators",
        "type": "github"
      }
    },
    "nixos-hardware": {
      "locked": {
        "lastModified": 1757943327,
        "narHash": "sha256-w6cDExPBqbq7fTLo4dZ1ozDGeq3yV6dSN4n/sAaS6OM=",
        "owner": "NixOS",
        "repo": "nixos-hardware",
        "rev": "67a709cfe5d0643dafd798b0b613ed579de8be05",
        "type": "github"
      },
      "original": {
        "owner": "NixOS",
        "repo": "nixos-hardware",
        "type": "github"
      }
    },
    "nixos-wsl": {
      "inputs": {
        "flake-compat": "flake-compat",
        "nixpkgs": "nixpkgs_2"
      },
      "locked": {
        "lastModified": 1758123407,
        "narHash": "sha256-4qwMlR0Q4Zr2rjUFauYIldfjzffYt3G5tZ1uPFPPYGU=",
        "owner": "nix-community",
        "repo": "NixOS-WSL",
        "rev": "ba2b3b6c0bc42442559a3b090f032bc8d501f5e3",
        "type": "github"
      },
      "original": {
        "owner": "nix-community",
        "ref": "main",
        "repo": "NixOS-WSL",
        "type": "github"
      }
    },
    "nixpkgs": {
      "locked": {
        "lastModified": 1736657626,
        "narHash": "sha256-FWlPMUzp0lkQBdhKlPqtQdqmp+/C+1MBiEytaYfrCTY=",
        "owner": "NixOS",
        "repo": "nixpkgs",
        "rev": "2f9e2f85cb14a46410a1399aa9ea7ecf433e422e",
        "type": "github"
      },
      "original": {
        "owner": "NixOS",
        "ref": "nixpkgs-unstable",
        "repo": "nixpkgs",
        "type": "github"
      }
    },
    "nixpkgs_2": {
      "locked": {
        "lastModified": 1757745802,
        "narHash": "sha256-hLEO2TPj55KcUFUU1vgtHE9UEIOjRcH/4QbmfHNF820=",
        "owner": "NixOS",
        "repo": "nixpkgs",
        "rev": "c23193b943c6c689d70ee98ce3128239ed9e32d1",
        "type": "github"
      },
      "original": {
        "owner": "NixOS",
        "ref": "nixos-unstable",
        "repo": "nixpkgs",
        "type": "github"
      }
    },
    "nixpkgs_3": {
      "locked": {
        "lastModified": 1758035966,
        "narHash": "sha256-qqIJ3yxPiB0ZQTT9//nFGQYn8X/PBoJbofA7hRKZnmE=",
        "owner": "nixos",
        "repo": "nixpkgs",
        "rev": "8d4ddb19d03c65a36ad8d189d001dc32ffb0306b",
        "type": "github"
      },
      "original": {
        "owner": "nixos",
        "ref": "nixos-unstable",
        "repo": "nixpkgs",
        "type": "github"
      }
    },
    "root": {
      "inputs": {
        "fenix": "fenix",
        "home-manager": "home-manager",
        "nixos-generators": "nixos-generators",
        "nixos-hardware": "nixos-hardware",
        "nixos-wsl": "nixos-wsl",
        "nixpkgs": "nixpkgs_3"
      }
    },
    "rust-analyzer-src": {
      "flake": false,
      "locked": {
        "lastModified": 1757362324,
        "narHash": "sha256-/PAhxheUq4WBrW5i/JHzcCqK5fGWwLKdH6/Lu1tyS18=",
        "owner": "rust-lang",
        "repo": "rust-analyzer",
        "rev": "9edc9cbe5d8e832b5864e09854fa94861697d2fd",
        "type": "github"
      },
      "original": {
        "owner": "rust-lang",
        "ref": "nightly",
        "repo": "rust-analyzer",
        "type": "github"
      }
    }
  },
  "root": "root",
  "version": 7
}
